# generated by rye
# use `rye lock` or `rye sync` to update this lockfile
#
# last locked with the following flags:
#   pre: false
#   features: []
#   all-features: false
#   with-sources: false
#   generate-hashes: false
#   universal: true

-e file:.
alembic==1.13.2
    # via nonebot-plugin-orm
annotated-types==0.7.0
    # via pydantic
arclet-alconna==1.8.18
    # via arclet-alconna-tools
    # via nonebot-plugin-alconna
arclet-alconna-tools==0.7.6
    # via nonebot-plugin-alconna
click==8.1.7
    # via nonebot-plugin-orm
colorama==0.4.6 ; platform_system == 'Windows' or sys_platform == 'win32'
    # via click
    # via loguru
expiringdict==1.2.2
    # via nonebot-plugin-user
greenlet==3.0.3 ; python_version < '3.13' and (platform_machine == 'aarch64' or (platform_machine == 'ppc64le' or (platform_machine == 'x86_64' or (platform_machine == 'amd64' or (platform_machine == 'AMD64' or (platform_machine == 'WIN32' or platform_machine == 'win32'))))))
    # via sqlalchemy
idna==3.7
    # via yarl
importlib-metadata==7.2.1
    # via nonebot-plugin-alconna
    # via nonebot-plugin-orm
importlib-resources==6.4.0 ; python_version < '3.12'
    # via nonebot-plugin-orm
loguru==0.7.2
    # via nonebot2
mako==1.3.5
    # via alembic
markupsafe==2.1.5
    # via mako
multidict==6.0.5
    # via yarl
nepattern==0.7.4
    # via arclet-alconna
    # via arclet-alconna-tools
    # via nonebot-plugin-alconna
nonebot-plugin-alconna==0.49.0
    # via nonebot-plugin-user
nonebot-plugin-localstore==0.7.0
    # via nonebot-plugin-orm
nonebot-plugin-orm==0.7.4
    # via nonebot-plugin-user
nonebot-plugin-session==0.3.1
    # via nonebot-plugin-user
nonebot-plugin-waiter==0.6.2
    # via nonebot-plugin-alconna
nonebot2==2.3.2
    # via nonebot-plugin-alconna
    # via nonebot-plugin-localstore
    # via nonebot-plugin-orm
    # via nonebot-plugin-session
    # via nonebot-plugin-user
    # via nonebot-plugin-waiter
pydantic==2.8.2
    # via nonebot-plugin-localstore
    # via nonebot2
pydantic-core==2.20.1
    # via pydantic
pygtrie==2.5.0
    # via nonebot2
python-dotenv==1.0.1
    # via nonebot2
sqlalchemy==2.0.31
    # via alembic
    # via nonebot-plugin-orm
strenum==0.4.15
    # via nonebot-plugin-session
tarina==0.5.4
    # via arclet-alconna
    # via nepattern
    # via nonebot-plugin-alconna
tomli==2.0.1 ; python_version < '3.11'
    # via nonebot2
typing-extensions==4.12.2
    # via alembic
    # via arclet-alconna
    # via nepattern
    # via nonebot-plugin-localstore
    # via nonebot-plugin-orm
    # via nonebot2
    # via pydantic
    # via pydantic-core
    # via sqlalchemy
    # via tarina
win32-setctime==1.1.0 ; sys_platform == 'win32'
    # via loguru
yarl==1.9.4
    # via nonebot2
zipp==3.19.2
    # via importlib-metadata
    # via importlib-resources
