# generated by rye
# use `rye lock` or `rye sync` to update this lockfile
#
# last locked with the following flags:
#   pre: false
#   features: []
#   all-features: false
#   with-sources: false
#   generate-hashes: false
#   universal: true

-e file:.
aiosqlite==0.20.0
    # via sqlalchemy
alembic==1.13.2
    # via nonebot-plugin-orm
annotated-types==0.7.0
    # via pydantic
anyio==4.4.0
    # via httpx
    # via starlette
    # via watchfiles
arclet-alconna==1.8.25
    # via arclet-alconna-tools
    # via nonebot-plugin-alconna
arclet-alconna-tools==0.7.9
    # via nonebot-plugin-alconna
asgiref==3.8.1
    # via nonebug
async-asgi-testclient==1.4.11
    # via nonebug
bracex==2.5
    # via wcmatch
bump-my-version==0.24.3
certifi==2024.7.4
    # via httpcore
    # via httpx
    # via requests
charset-normalizer==3.3.2
    # via requests
click==8.1.7
    # via bump-my-version
    # via nonebot-plugin-orm
    # via rich-click
    # via uvicorn
colorama==0.4.6 ; platform_system == 'Windows' or sys_platform == 'win32'
    # via click
    # via loguru
    # via pytest
    # via uvicorn
coverage==7.6.1
    # via pytest-cov
execnet==2.1.1
    # via pytest-xdist
expiringdictx==1.1.0
    # via nonebot-plugin-user
fastapi==0.112.0
    # via nonebot2
freezegun==1.5.1
greenlet==3.0.3
    # via sqlalchemy
h11==0.14.0
    # via httpcore
    # via uvicorn
h2==4.1.0
    # via httpx
hpack==4.0.0
    # via h2
httpcore==1.0.5
    # via httpx
httptools==0.6.1
    # via uvicorn
httpx==0.27.0
    # via nonebot2
hyperframe==6.0.1
    # via h2
idna==3.7
    # via anyio
    # via httpx
    # via requests
    # via yarl
importlib-metadata==8.2.0
    # via nonebot-plugin-alconna
iniconfig==2.0.0
    # via pytest
loguru==0.7.2
    # via nonebot2
lru-dict==1.3.0
    # via expiringdictx
mako==1.3.5
    # via alembic
markdown-it-py==3.0.0
    # via rich
markupsafe==2.1.5
    # via mako
mdurl==0.1.2
    # via markdown-it-py
msgpack==1.0.8
    # via nonebot-adapter-onebot
multidict==6.0.5
    # via async-asgi-testclient
    # via yarl
nepattern==0.7.6
    # via arclet-alconna
    # via arclet-alconna-tools
    # via nonebot-plugin-alconna
nonebot-adapter-onebot==2.4.4
nonebot-adapter-qq==1.5.0
nonebot-adapter-satori==0.12.3
nonebot-plugin-alconna==0.51.3
    # via nonebot-plugin-user
nonebot-plugin-localstore==0.7.1
    # via nonebot-plugin-orm
nonebot-plugin-orm==0.7.6
    # via nonebot-plugin-user
nonebot-plugin-session==0.3.2
    # via nonebot-plugin-user
nonebot-plugin-waiter==0.7.1
    # via nonebot-plugin-alconna
nonebot2==2.3.2
    # via nonebot-adapter-onebot
    # via nonebot-adapter-qq
    # via nonebot-adapter-satori
    # via nonebot-plugin-alconna
    # via nonebot-plugin-localstore
    # via nonebot-plugin-orm
    # via nonebot-plugin-session
    # via nonebot-plugin-user
    # via nonebot-plugin-waiter
    # via nonebug
nonebug==0.3.7
packaging==24.1
    # via pytest
pluggy==1.5.0
    # via pytest
prompt-toolkit==3.0.36
    # via questionary
pydantic==2.8.2
    # via bump-my-version
    # via fastapi
    # via nonebot-adapter-onebot
    # via nonebot-adapter-qq
    # via nonebot-plugin-localstore
    # via nonebot2
    # via pydantic-settings
pydantic-core==2.20.1
    # via pydantic
pydantic-settings==2.4.0
    # via bump-my-version
pygments==2.18.0
    # via rich
pygtrie==2.5.0
    # via nonebot2
pytest==8.3.2
    # via nonebug
    # via pytest-asyncio
    # via pytest-cov
    # via pytest-mock
    # via pytest-xdist
pytest-asyncio==0.23.8
pytest-cov==5.0.0
pytest-mock==3.14.0
pytest-xdist==3.6.1
python-dateutil==2.9.0.post0
    # via freezegun
python-dotenv==1.0.1
    # via nonebot2
    # via pydantic-settings
    # via uvicorn
pyyaml==6.0.2
    # via uvicorn
questionary==2.0.1
    # via bump-my-version
requests==2.32.3
    # via async-asgi-testclient
rich==13.7.1
    # via bump-my-version
    # via rich-click
rich-click==1.8.3
    # via bump-my-version
six==1.16.0
    # via python-dateutil
sniffio==1.3.1
    # via anyio
    # via httpx
sqlalchemy==2.0.32
    # via alembic
    # via nonebot-plugin-orm
starlette==0.37.2
    # via fastapi
strenum==0.4.15
    # via nonebot-plugin-session
tarina==0.5.5
    # via arclet-alconna
    # via nepattern
    # via nonebot-plugin-alconna
tomlkit==0.13.0
    # via bump-my-version
typing-extensions==4.12.2
    # via aiosqlite
    # via alembic
    # via arclet-alconna
    # via fastapi
    # via nepattern
    # via nonebot-adapter-onebot
    # via nonebot-adapter-qq
    # via nonebot-plugin-localstore
    # via nonebot2
    # via nonebug
    # via pydantic
    # via pydantic-core
    # via rich-click
    # via sqlalchemy
    # via tarina
urllib3==2.2.2
    # via requests
uvicorn==0.30.5
    # via nonebot2
uvloop==0.19.0 ; platform_python_implementation != 'PyPy' and sys_platform != 'cygwin' and sys_platform != 'win32'
    # via uvicorn
watchfiles==0.23.0
    # via uvicorn
wcmatch==9.0
    # via bump-my-version
wcwidth==0.2.13
    # via prompt-toolkit
websockets==12.0
    # via nonebot2
    # via uvicorn
win32-setctime==1.1.0 ; sys_platform == 'win32'
    # via loguru
yarl==1.9.4
    # via nonebot-adapter-qq
    # via nonebot2
zipp==3.20.0
    # via importlib-metadata
